
Microsoft Visual Studio Solution File, Format Version 12.00
# Visual Studio Version 17
VisualStudioVersion = 17.9.34407.89
MinimumVisualStudioVersion = 10.0.40219.1
Project("{FAE04EC0-301F-11D3-BF4B-00C04F79EFBC}") = "CadmoTeste", "CadmoTeste.csproj", "{61D20F41-CE22-4263-9FF6-1C2DEED5AE10}"
EndProject
Global
	GlobalSection(SolutionConfigurationPlatforms) = preSolution
		Debug|Any CPU = Debug|Any CPU
		Release|Any CPU = Release|Any CPU
	EndGlobalSection
	GlobalSection(ProjectConfigurationPlatforms) = postSolution
		{61D20F41-CE22-4263-9FF6-1C2DEED5AE10}.Debug|Any CPU.ActiveCfg = Debug|Any CPU
		{61D20F41-CE22-4263-9FF6-1C2DEED5AE10}.Debug|Any CPU.Build.0 = Debug|Any CPU
		{61D20F41-CE22-4263-9FF6-1C2DEED5AE10}.Release|Any CPU.ActiveCfg = Release|Any CPU
		{61D20F41-CE22-4263-9FF6-1C2DEED5AE10}.Release|Any CPU.Build.0 = Release|Any CPU
	EndGlobalSection
	GlobalSection(SolutionProperties) = preSolution
		HideSolutionNode = FALSE
	EndGlobalSection
	GlobalSection(ExtensibilityGlobals) = postSolution
		SolutionGuid = {01F8A987-9B6D-4D9E-A7BB-90B06B88312E}
	EndGlobalSection
EndGlobal
